
Microsoft Visual Studio Solution File, Format Version 12.00
# Visual Studio Version 17
VisualStudioVersion = 17.0.32112.339
MinimumVisualStudioVersion = 10.0.40219.1
Project("{FAE04EC0-301F-11D3-BF4B-00C04F79EFBC}") = "HPlusSport.API", "HPlusSport.API\HPlusSport.API.csproj", "{049BD8CC-BC92-4FDE-82C1-D8B302BAB736}"
EndProject
Global
	GlobalSection(SolutionConfigurationPlatforms) = preSolution
		Debug|Any CPU = Debug|Any CPU
		Release|Any CPU = Release|Any CPU
	EndGlobalSection
	GlobalSection(ProjectConfigurationPlatforms) = postSolution
		{049BD8CC-BC92-4FDE-82C1-D8B302BAB736}.Debug|Any CPU.ActiveCfg = Debug|Any CPU
		{049BD8CC-BC92-4FDE-82C1-D8B302BAB736}.Debug|Any CPU.Build.0 = Debug|Any CPU
		{049BD8CC-BC92-4FDE-82C1-D8B302BAB736}.Release|Any CPU.ActiveCfg = Release|Any CPU
		{049BD8CC-BC92-4FDE-82C1-D8B302BAB736}.Release|Any CPU.Build.0 = Release|Any CPU
	EndGlobalSection
	GlobalSection(SolutionProperties) = preSolution
		HideSolutionNode = FALSE
	EndGlobalSection
	GlobalSection(ExtensibilityGlobals) = postSolution
		SolutionGuid = {1779D767-BF90-43A3-9993-10B6DD6F7B63}
	EndGlobalSection
EndGlobal
